
Microsoft Visual Studio Solution File, Format Version 12.00
# Visual Studio Version 17
VisualStudioVersion = 17.0.31611.283
MinimumVisualStudioVersion = 10.0.40219.1
Project("{9A19103F-16F7-4668-BE54-9A1E7A4F7556}") = "BLL", "..\BLL\BLL.csproj", "{F693C5B5-B0B6-4903-A46B-3543387C2D42}"
EndProject
Project("{9A19103F-16F7-4668-BE54-9A1E7A4F7556}") = "DAL", "..\DAL\DAL.csproj", "{A5F044C5-5C8F-4F35-AA4A-552AF865D553}"
EndProject
Project("{9A19103F-16F7-4668-BE54-9A1E7A4F7556}") = "PL", "..\PL\PL.csproj", "{518EAF00-8A6A-431B-841E-B11EE423E502}"
EndProject
Global
	GlobalSection(SolutionConfigurationPlatforms) = preSolution
		Debug|Any CPU = Debug|Any CPU
		Release|Any CPU = Release|Any CPU
	EndGlobalSection
	GlobalSection(ProjectConfigurationPlatforms) = postSolution
		{F693C5B5-B0B6-4903-A46B-3543387C2D42}.Debug|Any CPU.ActiveCfg = Debug|Any CPU
		{F693C5B5-B0B6-4903-A46B-3543387C2D42}.Debug|Any CPU.Build.0 = Debug|Any CPU
		{F693C5B5-B0B6-4903-A46B-3543387C2D42}.Release|Any CPU.ActiveCfg = Release|Any CPU
		{F693C5B5-B0B6-4903-A46B-3543387C2D42}.Release|Any CPU.Build.0 = Release|Any CPU
		{A5F044C5-5C8F-4F35-AA4A-552AF865D553}.Debug|Any CPU.ActiveCfg = Debug|Any CPU
		{A5F044C5-5C8F-4F35-AA4A-552AF865D553}.Debug|Any CPU.Build.0 = Debug|Any CPU
		{A5F044C5-5C8F-4F35-AA4A-552AF865D553}.Release|Any CPU.ActiveCfg = Release|Any CPU
		{A5F044C5-5C8F-4F35-AA4A-552AF865D553}.Release|Any CPU.Build.0 = Release|Any CPU
		{518EAF00-8A6A-431B-841E-B11EE423E502}.Debug|Any CPU.ActiveCfg = Debug|Any CPU
		{518EAF00-8A6A-431B-841E-B11EE423E502}.Debug|Any CPU.Build.0 = Debug|Any CPU
		{518EAF00-8A6A-431B-841E-B11EE423E502}.Debug|Any CPU.Deploy.0 = Debug|Any CPU
		{518EAF00-8A6A-431B-841E-B11EE423E502}.Release|Any CPU.ActiveCfg = Release|Any CPU
		{518EAF00-8A6A-431B-841E-B11EE423E502}.Release|Any CPU.Build.0 = Release|Any CPU
		{518EAF00-8A6A-431B-841E-B11EE423E502}.Release|Any CPU.Deploy.0 = Release|Any CPU
	EndGlobalSection
	GlobalSection(SolutionProperties) = preSolution
		HideSolutionNode = FALSE
	EndGlobalSection
	GlobalSection(ExtensibilityGlobals) = postSolution
		SolutionGuid = {61F7FB11-1E47-470C-91E2-47F8143E1572}
	EndGlobalSection
EndGlobal
